
Microsoft Visual Studio Solution File, Format Version 12.00
# Visual Studio Version 16
VisualStudioVersion = 16.0.29924.181
MinimumVisualStudioVersion = 10.0.40219.1
Project("{9A19103F-16F7-4668-BE54-9A1E7A4F7556}") = "Web", "Web\Web.csproj", "{55ABFDF9-2950-41F6-9726-17367C562F91}"
EndProject
Project("{9A19103F-16F7-4668-BE54-9A1E7A4F7556}") = "FunctionsApi", "FunctionsApi\FunctionsApi.csproj", "{1F0323C0-9805-4741-A60E-AE1E424EF19B}"
EndProject
Project("{9A19103F-16F7-4668-BE54-9A1E7A4F7556}") = "Core.Models", "Core.Models\Core.Models.csproj", "{540924B3-B249-43D9-B403-C87F5CFB6727}"
EndProject
Global
	GlobalSection(SolutionConfigurationPlatforms) = preSolution
		Debug|Any CPU = Debug|Any CPU
		Release|Any CPU = Release|Any CPU
	EndGlobalSection
	GlobalSection(ProjectConfigurationPlatforms) = postSolution
		{55ABFDF9-2950-41F6-9726-17367C562F91}.Debug|Any CPU.ActiveCfg = Debug|Any CPU
		{55ABFDF9-2950-41F6-9726-17367C562F91}.Debug|Any CPU.Build.0 = Debug|Any CPU
		{55ABFDF9-2950-41F6-9726-17367C562F91}.Release|Any CPU.ActiveCfg = Release|Any CPU
		{55ABFDF9-2950-41F6-9726-17367C562F91}.Release|Any CPU.Build.0 = Release|Any CPU
		{1F0323C0-9805-4741-A60E-AE1E424EF19B}.Debug|Any CPU.ActiveCfg = Debug|Any CPU
		{1F0323C0-9805-4741-A60E-AE1E424EF19B}.Debug|Any CPU.Build.0 = Debug|Any CPU
		{1F0323C0-9805-4741-A60E-AE1E424EF19B}.Release|Any CPU.ActiveCfg = Release|Any CPU
		{1F0323C0-9805-4741-A60E-AE1E424EF19B}.Release|Any CPU.Build.0 = Release|Any CPU
		{540924B3-B249-43D9-B403-C87F5CFB6727}.Debug|Any CPU.ActiveCfg = Debug|Any CPU
		{540924B3-B249-43D9-B403-C87F5CFB6727}.Debug|Any CPU.Build.0 = Debug|Any CPU
		{540924B3-B249-43D9-B403-C87F5CFB6727}.Release|Any CPU.ActiveCfg = Release|Any CPU
		{540924B3-B249-43D9-B403-C87F5CFB6727}.Release|Any CPU.Build.0 = Release|Any CPU
	EndGlobalSection
	GlobalSection(SolutionProperties) = preSolution
		HideSolutionNode = FALSE
	EndGlobalSection
	GlobalSection(ExtensibilityGlobals) = postSolution
		SolutionGuid = {11DB01D7-635E-4823-85DE-756AC902B5AC}
	EndGlobalSection
EndGlobal
